
Microsoft Visual Studio Solution File, Format Version 12.00
# Visual Studio Version 16
VisualStudioVersion = 16.0.30011.22
MinimumVisualStudioVersion = 10.0.40219.1
Project("{FAE04EC0-301F-11D3-BF4B-00C04F79EFBC}") = "AdmCli", "AdmCli\AdmCli.csproj", "{BED4B91D-8855-4E06-A09F-081512453E2A}"
EndProject
Global
	GlobalSection(SolutionConfigurationPlatforms) = preSolution
		Debug|Any CPU = Debug|Any CPU
		Release|Any CPU = Release|Any CPU
	EndGlobalSection
	GlobalSection(ProjectConfigurationPlatforms) = postSolution
		{BED4B91D-8855-4E06-A09F-081512453E2A}.Debug|Any CPU.ActiveCfg = Debug|Any CPU
		{BED4B91D-8855-4E06-A09F-081512453E2A}.Debug|Any CPU.Build.0 = Debug|Any CPU
		{BED4B91D-8855-4E06-A09F-081512453E2A}.Release|Any CPU.ActiveCfg = Release|Any CPU
		{BED4B91D-8855-4E06-A09F-081512453E2A}.Release|Any CPU.Build.0 = Release|Any CPU
	EndGlobalSection
	GlobalSection(SolutionProperties) = preSolution
		HideSolutionNode = FALSE
	EndGlobalSection
	GlobalSection(ExtensibilityGlobals) = postSolution
		SolutionGuid = {7B6E40E1-96ED-43EE-9D76-6DF3EAC91356}
	EndGlobalSection
EndGlobal
